
Microsoft Visual Studio Solution File, Format Version 12.00
# Visual Studio Version 17
VisualStudioVersion = 17.9.34701.34
MinimumVisualStudioVersion = 10.0.40219.1
Project("{FAE04EC0-301F-11D3-BF4B-00C04F79EFBC}") = "srgd8", "srgd8\srgd8.csproj", "{F49A7F0B-AFFD-4B61-85B3-58673269D282}"
EndProject
Global
	GlobalSection(SolutionConfigurationPlatforms) = preSolution
		Debug|Any CPU = Debug|Any CPU
		Release|Any CPU = Release|Any CPU
	EndGlobalSection
	GlobalSection(ProjectConfigurationPlatforms) = postSolution
		{F49A7F0B-AFFD-4B61-85B3-58673269D282}.Debug|Any CPU.ActiveCfg = Debug|Any CPU
		{F49A7F0B-AFFD-4B61-85B3-58673269D282}.Debug|Any CPU.Build.0 = Debug|Any CPU
		{F49A7F0B-AFFD-4B61-85B3-58673269D282}.Release|Any CPU.ActiveCfg = Release|Any CPU
		{F49A7F0B-AFFD-4B61-85B3-58673269D282}.Release|Any CPU.Build.0 = Release|Any CPU
	EndGlobalSection
	GlobalSection(SolutionProperties) = preSolution
		HideSolutionNode = FALSE
	EndGlobalSection
	GlobalSection(ExtensibilityGlobals) = postSolution
		SolutionGuid = {9E330F53-8DFE-4600-8957-6A056630F8F9}
	EndGlobalSection
EndGlobal
